// !$*UTF8*$!
{
	archiveVersion = 1;
	classes = {
	};
	objectVersion = 50;
	objects = {

/* Begin PBXBuildFile section */
		E8BC0EE621F9F8A500DACD2E /* ViewController.swift in Sources */ = {isa = PBXBuildFile; fileRef = E8BC0EE521F9F8A500DACD2E /* ViewController.swift */; };
		F4E374542164C8B4000120B3 /* AppDelegate.swift in Sources */ = {isa = PBXBuildFile; fileRef = F4E374532164C8B4000120B3 /* AppDelegate.swift */; };
		F4E374562164C8B4000120B3 /* LocalizationManager.swift in Sources */ = {isa = PBXBuildFile; fileRef = F4E374552164C8B4000120B3 /* LocalizationManager.swift */; };
		F4E374592164C8B4000120B3 /* Main.storyboard in Resources */ = {isa = PBXBuildFile; fileRef = F4E374572164C8B4000120B3 /* Main.storyboard */; };
		F4E3745B2164C8B5000120B3 /* Assets.xcassets in Resources */ = {isa = PBXBuildFile; fileRef = F4E3745A2164C8B5000120B3 /* Assets.xcassets */; };
		F4E3745E2164C8B5000120B3 /* LaunchScreen.storyboard in Resources */ = {isa = PBXBuildFile; fileRef = F4E3745C2164C8B5000120B3 /* LaunchScreen.storyboard */; };
		F4E374692164C8B5000120B3 /* LocalizationManagerTests.swift in Sources */ = {isa = PBXBuildFile; fileRef = F4E374682164C8B5000120B3 /* LocalizationManagerTests.swift */; };
		F4E374752164C99D000120B3 /* Localizable.strings in Resources */ = {isa = PBXBuildFile; fileRef = F4E374772164C99D000120B3 /* Localizable.strings */; };
/* End PBXBuildFile section */

/* Begin PBXContainerItemProxy section */
		F4E374652164C8B5000120B3 /* PBXContainerItemProxy */ = {
			isa = PBXContainerItemProxy;
			containerPortal = F4E374482164C8B4000120B3 /* Project object */;
			proxyType = 1;
			remoteGlobalIDString = F4E3744F2164C8B4000120B3;
			remoteInfo = Localization;
		};
/* End PBXContainerItemProxy section */

/* Begin PBXFileReference section */
		E8BC0EE521F9F8A500DACD2E /* ViewController.swift */ = {isa = PBXFileReference; lastKnownFileType = sourcecode.swift; path = ViewController.swift; sourceTree = "<group>"; };
		F4E374502164C8B4000120B3 /* Localization.app */ = {isa = PBXFileReference; explicitFileType = wrapper.application; includeInIndex = 0; path = Localization.app; sourceTree = BUILT_PRODUCTS_DIR; };
		F4E374532164C8B4000120B3 /* AppDelegate.swift */ = {isa = PBXFileReference; lastKnownFileType = sourcecode.swift; path = AppDelegate.swift; sourceTree = "<group>"; };
		F4E374552164C8B4000120B3 /* LocalizationManager.swift */ = {isa = PBXFileReference; lastKnownFileType = sourcecode.swift; path = LocalizationManager.swift; sourceTree = "<group>"; };
		F4E374582164C8B4000120B3 /* Base */ = {isa = PBXFileReference; lastKnownFileType = file.storyboard; name = Base; path = Base.lproj/Main.storyboard; sourceTree = "<group>"; };
		F4E3745A2164C8B5000120B3 /* Assets.xcassets */ = {isa = PBXFileReference; lastKnownFileType = folder.assetcatalog; path = Assets.xcassets; sourceTree = "<group>"; };
		F4E3745D2164C8B5000120B3 /* Base */ = {isa = PBXFileReference; lastKnownFileType = file.storyboard; name = Base; path = Base.lproj/LaunchScreen.storyboard; sourceTree = "<group>"; };
		F4E3745F2164C8B5000120B3 /* Info.plist */ = {isa = PBXFileReference; lastKnownFileType = text.plist.xml; path = Info.plist; sourceTree = "<group>"; };
		F4E374642164C8B5000120B3 /* LocalizationTests.xctest */ = {isa = PBXFileReference; explicitFileType = wrapper.cfbundle; includeInIndex = 0; path = LocalizationTests.xctest; sourceTree = BUILT_PRODUCTS_DIR; };
		F4E374682164C8B5000120B3 /* LocalizationManagerTests.swift */ = {isa = PBXFileReference; lastKnownFileType = sourcecode.swift; path = LocalizationManagerTests.swift; sourceTree = "<group>"; };
		F4E3746A2164C8B5000120B3 /* Info.plist */ = {isa = PBXFileReference; lastKnownFileType = text.plist.xml; path = Info.plist; sourceTree = "<group>"; };
		F4E374762164C99D000120B3 /* en */ = {isa = PBXFileReference; lastKnownFileType = text.plist.strings; name = en; path = en.lproj/Localizable.strings; sourceTree = "<group>"; };
		F4E374782164C9CC000120B3 /* fr */ = {isa = PBXFileReference; lastKnownFileType = text.plist.strings; name = fr; path = fr.lproj/Localizable.strings; sourceTree = "<group>"; };
/* End PBXFileReference section */

/* Begin PBXFrameworksBuildPhase section */
		F4E3744D2164C8B4000120B3 /* Frameworks */ = {
			isa = PBXFrameworksBuildPhase;
			buildActionMask = 2147483647;
			files = (
			);
			runOnlyForDeploymentPostprocessing = 0;
		};
		F4E374612164C8B5000120B3 /* Frameworks */ = {
			isa = PBXFrameworksBuildPhase;
			buildActionMask = 2147483647;
			files = (
			);
			runOnlyForDeploymentPostprocessing = 0;
		};
/* End PBXFrameworksBuildPhase section */

/* Begin PBXGroup section */
		F4E374472164C8B4000120B3 = {
			isa = PBXGroup;
			children = (
				F4E374522164C8B4000120B3 /* Localization */,
				F4E374672164C8B5000120B3 /* LocalizationTests */,
				F4E374512164C8B4000120B3 /* Products */,
			);
			sourceTree = "<group>";
		};
		F4E374512164C8B4000120B3 /* Products */ = {
			isa = PBXGroup;
			children = (
				F4E374502164C8B4000120B3 /* Localization.app */,
				F4E374642164C8B5000120B3 /* LocalizationTests.xctest */,
			);
			name = Products;
			sourceTree = "<group>";
		};
		F4E374522164C8B4000120B3 /* Localization */ = {
			isa = PBXGroup;
			children = (
				F4E374532164C8B4000120B3 /* AppDelegate.swift */,
				F4E374552164C8B4000120B3 /* LocalizationManager.swift */,
				F4E374572164C8B4000120B3 /* Main.storyboard */,
				F4E3745A2164C8B5000120B3 /* Assets.xcassets */,
				F4E3745C2164C8B5000120B3 /* LaunchScreen.storyboard */,
				F4E3745F2164C8B5000120B3 /* Info.plist */,
				F4E374772164C99D000120B3 /* Localizable.strings */,
				E8BC0EE521F9F8A500DACD2E /* ViewController.swift */,
			);
			path = Localization;
			sourceTree = "<group>";
		};
		F4E374672164C8B5000120B3 /* LocalizationTests */ = {
			isa = PBXGroup;
			children = (
				F4E374682164C8B5000120B3 /* LocalizationManagerTests.swift */,
				F4E3746A2164C8B5000120B3 /* Info.plist */,
			);
			path = LocalizationTests;
			sourceTree = "<group>";
		};
/* End PBXGroup section */

/* Begin PBXNativeTarget section */
		F4E3744F2164C8B4000120B3 /* Localization */ = {
			isa = PBXNativeTarget;
			buildConfigurationList = F4E3746D2164C8B5000120B3 /* Build configuration list for PBXNativeTarget "Localization" */;
			buildPhases = (
				F4E3744C2164C8B4000120B3 /* Sources */,
				E8BC0EE421F9F68300DACD2E /* SwiftLint */,
				F4E3744D2164C8B4000120B3 /* Frameworks */,
				F4E3744E2164C8B4000120B3 /* Resources */,
			);
			buildRules = (
			);
			dependencies = (
			);
			name = Localization;
			productName = Localization;
			productReference = F4E374502164C8B4000120B3 /* Localization.app */;
			productType = "com.apple.product-type.application";
		};
		F4E374632164C8B5000120B3 /* LocalizationTests */ = {
			isa = PBXNativeTarget;
			buildConfigurationList = F4E374702164C8B5000120B3 /* Build configuration list for PBXNativeTarget "LocalizationTests" */;
			buildPhases = (
				F4E374602164C8B5000120B3 /* Sources */,
				F4E374612164C8B5000120B3 /* Frameworks */,
				F4E374622164C8B5000120B3 /* Resources */,
			);
			buildRules = (
			);
			dependencies = (
				F4E374662164C8B5000120B3 /* PBXTargetDependency */,
			);
			name = LocalizationTests;
			productName = LocalizationTests;
			productReference = F4E374642164C8B5000120B3 /* LocalizationTests.xctest */;
			productType = "com.apple.product-type.bundle.unit-test";
		};
/* End PBXNativeTarget section */

/* Begin PBXProject section */
		F4E374482164C8B4000120B3 /* Project object */ = {
			isa = PBXProject;
			attributes = {
				LastSwiftUpdateCheck = 1000;
				LastUpgradeCheck = 1000;
				ORGANIZATIONNAME = "The Floow";
				TargetAttributes = {
					F4E3744F2164C8B4000120B3 = {
						CreatedOnToolsVersion = 10.0;
					};
					F4E374632164C8B5000120B3 = {
						CreatedOnToolsVersion = 10.0;
						TestTargetID = F4E3744F2164C8B4000120B3;
					};
				};
			};
			buildConfigurationList = F4E3744B2164C8B4000120B3 /* Build configuration list for PBXProject "Localization" */;
			compatibilityVersion = "Xcode 9.3";
			developmentRegion = en;
			hasScannedForEncodings = 0;
			knownRegions = (
				en,
				Base,
				fr,
			);
			mainGroup = F4E374472164C8B4000120B3;
			productRefGroup = F4E374512164C8B4000120B3 /* Products */;
			projectDirPath = "";
			projectRoot = "";
			targets = (
				F4E3744F2164C8B4000120B3 /* Localization */,
				F4E374632164C8B5000120B3 /* LocalizationTests */,
			);
		};
/* End PBXProject section */

/* Begin PBXResourcesBuildPhase section */
		F4E3744E2164C8B4000120B3 /* Resources */ = {
			isa = PBXResourcesBuildPhase;
			buildActionMask = 2147483647;
			files = (
				F4E3745E2164C8B5000120B3 /* LaunchScreen.storyboard in Resources */,
				F4E374752164C99D000120B3 /* Localizable.strings in Resources */,
				F4E3745B2164C8B5000120B3 /* Assets.xcassets in Resources */,
				F4E374592164C8B4000120B3 /* Main.storyboard in Resources */,
			);
			runOnlyForDeploymentPostprocessing = 0;
		};
		F4E374622164C8B5000120B3 /* Resources */ = {
			isa = PBXResourcesBuildPhase;
			buildActionMask = 2147483647;
			files = (
			);
			runOnlyForDeploymentPostprocessing = 0;
		};
/* End PBXResourcesBuildPhase section */

/* Begin PBXShellScriptBuildPhase section */
		E8BC0EE421F9F68300DACD2E /* SwiftLint */ = {
			isa = PBXShellScriptBuildPhase;
			buildActionMask = 2147483647;
			files = (
			);
			inputFileListPaths = (
			);
			inputPaths = (
			);
			name = SwiftLint;
			outputFileListPaths = (
			);
			outputPaths = (
			);
			runOnlyForDeploymentPostprocessing = 0;
			shellPath = /bin/sh;
			shellScript = "if [[ \"${CONFIGURATION}\" != \"Debug\" ]]; then exit 0; fi\n\nif which swiftlint >/dev/null; then\n  swiftlint\nelse\n  echo \"warning: SwiftLint not installed, download from https://github.com/realm/SwiftLint\"\nfi\n";
		};
/* End PBXShellScriptBuildPhase section */

/* Begin PBXSourcesBuildPhase section */
		F4E3744C2164C8B4000120B3 /* Sources */ = {
			isa = PBXSourcesBuildPhase;
			buildActionMask = 2147483647;
			files = (
				E8BC0EE621F9F8A500DACD2E /* ViewController.swift in Sources */,
				F4E374562164C8B4000120B3 /* LocalizationManager.swift in Sources */,
				F4E374542164C8B4000120B3 /* AppDelegate.swift in Sources */,
			);
			runOnlyForDeploymentPostprocessing = 0;
		};
		F4E374602164C8B5000120B3 /* Sources */ = {
			isa = PBXSourcesBuildPhase;
			buildActionMask = 2147483647;
			files = (
				F4E374692164C8B5000120B3 /* LocalizationManagerTests.swift in Sources */,
			);
			runOnlyForDeploymentPostprocessing = 0;
		};
/* End PBXSourcesBuildPhase section */

/* Begin PBXTargetDependency section */
		F4E374662164C8B5000120B3 /* PBXTargetDependency */ = {
			isa = PBXTargetDependency;
			target = F4E3744F2164C8B4000120B3 /* Localization */;
			targetProxy = F4E374652164C8B5000120B3 /* PBXContainerItemProxy */;
		};
/* End PBXTargetDependency section */

/* Begin PBXVariantGroup section */
		F4E374572164C8B4000120B3 /* Main.storyboard */ = {
			isa = PBXVariantGroup;
			children = (
				F4E374582164C8B4000120B3 /* Base */,
			);
			name = Main.storyboard;
			sourceTree = "<group>";
		};
		F4E3745C2164C8B5000120B3 /* LaunchScreen.storyboard */ = {
			isa = PBXVariantGroup;
			children = (
				F4E3745D2164C8B5000120B3 /* Base */,
			);
			name = LaunchScreen.storyboard;
			sourceTree = "<group>";
		};
		F4E374772164C99D000120B3 /* Localizable.strings */ = {
			isa = PBXVariantGroup;
			children = (
				F4E374762164C99D000120B3 /* en */,
				F4E374782164C9CC000120B3 /* fr */,
			);
			name = Localizable.strings;
			sourceTree = "<group>";
		};
/* End PBXVariantGroup section */

/* Begin XCBuildConfiguration section */
		F4E3746B2164C8B5000120B3 /* Debug */ = {
			isa = XCBuildConfiguration;
			buildSettings = {
				ALWAYS_SEARCH_USER_PATHS = NO;
				CLANG_ANALYZER_LOCALIZABILITY_NONLOCALIZED = YES;
				CLANG_ANALYZER_NONNULL = YES;
				CLANG_ANALYZER_NUMBER_OBJECT_CONVERSION = YES_AGGRESSIVE;
				CLANG_CXX_LANGUAGE_STANDARD = "gnu++14";
				CLANG_CXX_LIBRARY = "libc++";
				CLANG_ENABLE_MODULES = YES;
				CLANG_ENABLE_OBJC_ARC = YES;
				CLANG_ENABLE_OBJC_WEAK = YES;
				CLANG_WARN_BLOCK_CAPTURE_AUTORELEASING = YES;
				CLANG_WARN_BOOL_CONVERSION = YES;
				CLANG_WARN_COMMA = YES;
				CLANG_WARN_CONSTANT_CONVERSION = YES;
				CLANG_WARN_DEPRECATED_OBJC_IMPLEMENTATIONS = YES;
				CLANG_WARN_DIRECT_OBJC_ISA_USAGE = YES_ERROR;
				CLANG_WARN_DOCUMENTATION_COMMENTS = YES;
				CLANG_WARN_EMPTY_BODY = YES;
				CLANG_WARN_ENUM_CONVERSION = YES;
				CLANG_WARN_INFINITE_RECURSION = YES;
				CLANG_WARN_INT_CONVERSION = YES;
				CLANG_WARN_NON_LITERAL_NULL_CONVERSION = YES;
				CLANG_WARN_OBJC_IMPLICIT_RETAIN_SELF = YES;
				CLANG_WARN_OBJC_LITERAL_CONVERSION = YES;
				CLANG_WARN_OBJC_ROOT_CLASS = YES_ERROR;
				CLANG_WARN_RANGE_LOOP_ANALYSIS = YES;
				CLANG_WARN_STRICT_PROTOTYPES = YES;
				CLANG_WARN_SUSPICIOUS_MOVE = YES;
				CLANG_WARN_UNGUARDED_AVAILABILITY = YES_AGGRESSIVE;
				CLANG_WARN_UNREACHABLE_CODE = YES;
				CLANG_WARN__DUPLICATE_METHOD_MATCH = YES;
				CODE_SIGN_IDENTITY = "iPhone Developer";
				COPY_PHASE_STRIP = NO;
				DEBUG_INFORMATION_FORMAT = dwarf;
				ENABLE_STRICT_OBJC_MSGSEND = YES;
				ENABLE_TESTABILITY = YES;
				GCC_C_LANGUAGE_STANDARD = gnu11;
				GCC_DYNAMIC_NO_PIC = NO;
				GCC_NO_COMMON_BLOCKS = YES;
				GCC_OPTIMIZATION_LEVEL = 0;
				GCC_PREPROCESSOR_DEFINITIONS = (
					"DEBUG=1",
					"$(inherited)",
				);
				GCC_WARN_64_TO_32_BIT_CONVERSION = YES;
				GCC_WARN_ABOUT_RETURN_TYPE = YES_ERROR;
				GCC_WARN_UNDECLARED_SELECTOR = YES;
				GCC_WARN_UNINITIALIZED_AUTOS = YES_AGGRESSIVE;
				GCC_WARN_UNUSED_FUNCTION = YES;
				GCC_WARN_UNUSED_VARIABLE = YES;
				IPHONEOS_DEPLOYMENT_TARGET = 12.0;
				MTL_ENABLE_DEBUG_INFO = INCLUDE_SOURCE;
				MTL_FAST_MATH = YES;
				ONLY_ACTIVE_ARCH = YES;
				SDKROOT = iphoneos;
				SWIFT_ACTIVE_COMPILATION_CONDITIONS = DEBUG;
				SWIFT_OPTIMIZATION_LEVEL = "-Onone";
			};
			name = Debug;
		};
		F4E3746C2164C8B5000120B3 /* Release */ = {
			isa = XCBuildConfiguration;
			buildSettings = {
				ALWAYS_SEARCH_USER_PATHS = NO;
				CLANG_ANALYZER_LOCALIZABILITY_NONLOCALIZED = YES;
				CLANG_ANALYZER_NONNULL = YES;
				CLANG_ANALYZER_NUMBER_OBJECT_CONVERSION = YES_AGGRESSIVE;
				CLANG_CXX_LANGUAGE_STANDARD = "gnu++14";
				CLANG_CXX_LIBRARY = "libc++";
				CLANG_ENABLE_MODULES = YES;
				CLANG_ENABLE_OBJC_ARC = YES;
				CLANG_ENABLE_OBJC_WEAK = YES;
				CLANG_WARN_BLOCK_CAPTURE_AUTORELEASING = YES;
				CLANG_WARN_BOOL_CONVERSION = YES;
				CLANG_WARN_COMMA = YES;
				CLANG_WARN_CONSTANT_CONVERSION = YES;
				CLANG_WARN_DEPRECATED_OBJC_IMPLEMENTATIONS = YES;
				CLANG_WARN_DIRECT_OBJC_ISA_USAGE = YES_ERROR;
				CLANG_WARN_DOCUMENTATION_COMMENTS = YES;
				CLANG_WARN_EMPTY_BODY = YES;
				CLANG_WARN_ENUM_CONVERSION = YES;
				CLANG_WARN_INFINITE_RECURSION = YES;
				CLANG_WARN_INT_CONVERSION = YES;
				CLANG_WARN_NON_LITERAL_NULL_CONVERSION = YES;
				CLANG_WARN_OBJC_IMPLICIT_RETAIN_SELF = YES;
				CLANG_WARN_OBJC_LITERAL_CONVERSION = YES;
				CLANG_WARN_OBJC_ROOT_CLASS = YES_ERROR;
				CLANG_WARN_RANGE_LOOP_ANALYSIS = YES;
				CLANG_WARN_STRICT_PROTOTYPES = YES;
				CLANG_WARN_SUSPICIOUS_MOVE = YES;
				CLANG_WARN_UNGUARDED_AVAILABILITY = YES_AGGRESSIVE;
				CLANG_WARN_UNREACHABLE_CODE = YES;
				CLANG_WARN__DUPLICATE_METHOD_MATCH = YES;
				CODE_SIGN_IDENTITY = "iPhone Developer";
				COPY_PHASE_STRIP = NO;
				DEBUG_INFORMATION_FORMAT = "dwarf-with-dsym";
				ENABLE_NS_ASSERTIONS = NO;
				ENABLE_STRICT_OBJC_MSGSEND = YES;
				GCC_C_LANGUAGE_STANDARD = gnu11;
				GCC_NO_COMMON_BLOCKS = YES;
				GCC_WARN_64_TO_32_BIT_CONVERSION = YES;
				GCC_WARN_ABOUT_RETURN_TYPE = YES_ERROR;
				GCC_WARN_UNDECLARED_SELECTOR = YES;
				GCC_WARN_UNINITIALIZED_AUTOS = YES_AGGRESSIVE;
				GCC_WARN_UNUSED_FUNCTION = YES;
				GCC_WARN_UNUSED_VARIABLE = YES;
				IPHONEOS_DEPLOYMENT_TARGET = 12.0;
				MTL_ENABLE_DEBUG_INFO = NO;
				MTL_FAST_MATH = YES;
				SDKROOT = iphoneos;
				SWIFT_COMPILATION_MODE = wholemodule;
				SWIFT_OPTIMIZATION_LEVEL = "-O";
				VALIDATE_PRODUCT = YES;
			};
			name = Release;
		};
		F4E3746E2164C8B5000120B3 /* Debug */ = {
			isa = XCBuildConfiguration;
			buildSettings = {
				ASSETCATALOG_COMPILER_APPICON_NAME = AppIcon;
				CODE_SIGN_STYLE = Automatic;
				DEVELOPMENT_TEAM = C4Y4L9QV9Z;
				INFOPLIST_FILE = Localization/Info.plist;
				LD_RUNPATH_SEARCH_PATHS = (
					"$(inherited)",
					"@executable_path/Frameworks",
				);
				PRODUCT_BUNDLE_IDENTIFIER = com.thefloow.Localization;
				PRODUCT_NAME = "$(TARGET_NAME)";
				SWIFT_VERSION = 4.2;
				TARGETED_DEVICE_FAMILY = "1,2";
			};
			name = Debug;
		};
		F4E3746F2164C8B5000120B3 /* Release */ = {
			isa = XCBuildConfiguration;
			buildSettings = {
				ASSETCATALOG_COMPILER_APPICON_NAME = AppIcon;
				CODE_SIGN_STYLE = Automatic;
				DEVELOPMENT_TEAM = C4Y4L9QV9Z;
				INFOPLIST_FILE = Localization/Info.plist;
				LD_RUNPATH_SEARCH_PATHS = (
					"$(inherited)",
					"@executable_path/Frameworks",
				);
				PRODUCT_BUNDLE_IDENTIFIER = com.thefloow.Localization;
				PRODUCT_NAME = "$(TARGET_NAME)";
				SWIFT_VERSION = 4.2;
				TARGETED_DEVICE_FAMILY = "1,2";
			};
			name = Release;
		};
		F4E374712164C8B5000120B3 /* Debug */ = {
			isa = XCBuildConfiguration;
			buildSettings = {
				ALWAYS_EMBED_SWIFT_STANDARD_LIBRARIES = YES;
				BUNDLE_LOADER = "$(TEST_HOST)";
				CODE_SIGN_STYLE = Automatic;
				DEVELOPMENT_TEAM = NZX3T84389;
				INFOPLIST_FILE = LocalizationTests/Info.plist;
				LD_RUNPATH_SEARCH_PATHS = (
					"$(inherited)",
					"@executable_path/Frameworks",
					"@loader_path/Frameworks",
				);
				PRODUCT_BUNDLE_IDENTIFIER = com.thefloow.LocalizationTests;
				PRODUCT_NAME = "$(TARGET_NAME)";
				SWIFT_VERSION = 4.2;
				TARGETED_DEVICE_FAMILY = "1,2";
				TEST_HOST = "$(BUILT_PRODUCTS_DIR)/Localization.app/Localization";
			};
			name = Debug;
		};
		F4E374722164C8B5000120B3 /* Release */ = {
			isa = XCBuildConfiguration;
			buildSettings = {
				ALWAYS_EMBED_SWIFT_STANDARD_LIBRARIES = YES;
				BUNDLE_LOADER = "$(TEST_HOST)";
				CODE_SIGN_STYLE = Automatic;
				DEVELOPMENT_TEAM = NZX3T84389;
				INFOPLIST_FILE = LocalizationTests/Info.plist;
				LD_RUNPATH_SEARCH_PATHS = (
					"$(inherited)",
					"@executable_path/Frameworks",
					"@loader_path/Frameworks",
				);
				PRODUCT_BUNDLE_IDENTIFIER = com.thefloow.LocalizationTests;
				PRODUCT_NAME = "$(TARGET_NAME)";
				SWIFT_VERSION = 4.2;
				TARGETED_DEVICE_FAMILY = "1,2";
				TEST_HOST = "$(BUILT_PRODUCTS_DIR)/Localization.app/Localization";
			};
			name = Release;
		};
/* End XCBuildConfiguration section */

/* Begin XCConfigurationList section */
		F4E3744B2164C8B4000120B3 /* Build configuration list for PBXProject "Localization" */ = {
			isa = XCConfigurationList;
			buildConfigurations = (
				F4E3746B2164C8B5000120B3 /* Debug */,
				F4E3746C2164C8B5000120B3 /* Release */,
			);
			defaultConfigurationIsVisible = 0;
			defaultConfigurationName = Release;
		};
		F4E3746D2164C8B5000120B3 /* Build configuration list for PBXNativeTarget "Localization" */ = {
			isa = XCConfigurationList;
			buildConfigurations = (
				F4E3746E2164C8B5000120B3 /* Debug */,
				F4E3746F2164C8B5000120B3 /* Release */,
			);
			defaultConfigurationIsVisible = 0;
			defaultConfigurationName = Release;
		};
		F4E374702164C8B5000120B3 /* Build configuration list for PBXNativeTarget "LocalizationTests" */ = {
			isa = XCConfigurationList;
			buildConfigurations = (
				F4E374712164C8B5000120B3 /* Debug */,
				F4E374722164C8B5000120B3 /* Release */,
			);
			defaultConfigurationIsVisible = 0;
			defaultConfigurationName = Release;
		};
/* End XCConfigurationList section */
	};
	rootObject = F4E374482164C8B4000120B3 /* Project object */;
}
